<?xml version="1.0" encoding="utf-8"?>
<Project ToolsVersion="4.0" xmlns="http://schemas.microsoft.com/developer/msbuild/2003">
  <ItemGroup>
    <Filter Include="源文件">
      <UniqueIdentifier>{4FC737F1-C7A5-4376-A066-2A32D752A2FF}</UniqueIdentifier>
      <Extensions>cpp;c;cc;cxx;c++;cppm;ixx;def;odl;idl;hpj;bat;asm;asmx</Extensions>
    </Filter>
    <Filter Include="头文件">
      <UniqueIdentifier>{93995380-89BD-4b04-88EB-625FBE52EBFB}</UniqueIdentifier>
      <Extensions>h;hh;hpp;hxx;h++;hm;inl;inc;ipp;xsd</Extensions>
    </Filter>
    <Filter Include="资源文件">
      <UniqueIdentifier>{67DA6AB6-F800-4c08-8B7A-83BB121AAD01}</UniqueIdentifier>
      <Extensions>rc;ico;cur;bmp;dlg;rc2;rct;bin;rgs;gif;jpg;jpeg;jpe;resx;tiff;tif;png;wav;mfcribbon-ms</Extensions>
    </Filter>
  </ItemGroup>
  <ItemGroup>
    <ClInclude Include="Mdspi.h">
      <Filter>头文件</Filter>
    </ClInclude>
    <ClInclude Include="Tdspi.h">
      <Filter>头文件</Filter>
    </ClInclude>
    <ClInclude Include="mystruct.h">
      <Filter>头文件</Filter>
    </ClInclude>
    <ClInclude Include="Indicator.h">
      <Filter>头文件</Filter>
    </ClInclude>
    <ClInclude Include="Strategy.h">
      <Filter>头文件</Filter>
    </ClInclude>
    <ClInclude Include="DataBuffer.h">
      <Filter>头文件</Filter>
    </ClInclude>
    <ClInclude Include="..\..\gladfile\include\glad\glad.h">
      <Filter>头文件</Filter>
    </ClInclude>
    <ClInclude Include="..\..\gladfile\include\KHR\khrplatform.h">
      <Filter>头文件</Filter>
    </ClInclude>
    <ClInclude Include="..\..\imguitask\imgui-master\imconfig.h">
      <Filter>头文件</Filter>
    </ClInclude>
    <ClInclude Include="..\..\imguitask\imgui-master\imgui.h">
      <Filter>头文件</Filter>
    </ClInclude>
    <ClInclude Include="..\..\imguitask\imgui-master\imgui_internal.h">
      <Filter>头文件</Filter>
    </ClInclude>
    <ClInclude Include="..\..\imguitask\imgui-master\imstb_rectpack.h">
      <Filter>头文件</Filter>
    </ClInclude>
    <ClInclude Include="..\..\imguitask\imgui-master\imstb_textedit.h">
      <Filter>头文件</Filter>
    </ClInclude>
    <ClInclude Include="..\..\imguitask\imgui-master\imstb_truetype.h">
      <Filter>头文件</Filter>
    </ClInclude>
    <ClInclude Include="..\..\implot\implot-master\implot.h">
      <Filter>头文件</Filter>
    </ClInclude>
    <ClInclude Include="..\..\implot\implot-master\implot_internal.h">
      <Filter>头文件</Filter>
    </ClInclude>
    <ClInclude Include="..\..\imguitask\imgui-master\backends\imgui_impl_glfw.h">
      <Filter>头文件</Filter>
    </ClInclude>
    <ClInclude Include="..\..\imguitask\imgui-master\backends\imgui_impl_opengl3.h">
      <Filter>头文件</Filter>
    </ClInclude>
  </ItemGroup>
  <ItemGroup>
    <ClCompile Include="main.cpp">
      <Filter>源文件</Filter>
    </ClCompile>
    <ClCompile Include="Mdspi.cpp">
      <Filter>源文件</Filter>
    </ClCompile>
    <ClCompile Include="Tdspi.cpp">
      <Filter>源文件</Filter>
    </ClCompile>
    <ClCompile Include="Strategy.cpp">
      <Filter>源文件</Filter>
    </ClCompile>
    <ClCompile Include="Indicator.cpp">
      <Filter>源文件</Filter>
    </ClCompile>
    <ClCompile Include="DataBuffer.cpp">
      <Filter>源文件</Filter>
    </ClCompile>
    <ClCompile Include="..\..\gladfile\src\glad.c">
      <Filter>源文件</Filter>
    </ClCompile>
    <ClCompile Include="..\..\imguitask\imgui-master\imgui.cpp">
      <Filter>源文件</Filter>
    </ClCompile>
    <ClCompile Include="..\..\imguitask\imgui-master\imgui_draw.cpp">
      <Filter>源文件</Filter>
    </ClCompile>
    <ClCompile Include="..\..\imguitask\imgui-master\imgui_tables.cpp">
      <Filter>源文件</Filter>
    </ClCompile>
    <ClCompile Include="..\..\imguitask\imgui-master\imgui_widgets.cpp">
      <Filter>源文件</Filter>
    </ClCompile>
    <ClCompile Include="..\..\imguitask\imgui-master\backends\imgui_impl_glfw.cpp">
      <Filter>源文件</Filter>
    </ClCompile>
    <ClCompile Include="..\..\imguitask\imgui-master\backends\imgui_impl_opengl3.cpp">
      <Filter>源文件</Filter>
    </ClCompile>
    <ClCompile Include="..\..\implot\implot-master\implot.cpp">
      <Filter>源文件</Filter>
    </ClCompile>
    <ClCompile Include="..\..\implot\implot-master\implot_items.cpp">
      <Filter>源文件</Filter>
    </ClCompile>
  </ItemGroup>
</Project>